{
  "nodes": {
    "nixpkgs": {
      "locked": {
        "lastModified": 1740417204,
        "narHash": "sha256-2OoAzxdJN/SRDX3YuMHGHhvvsN6N5znpMS0DALRd18M=",
        "owner": "NixOS",
        "repo": "nixpkgs",
        "rev": "3e866679c4cb67f6bf164d09c96fa8e21e25716e",
        "type": "github"
      },
      "original": {
        "owner": "NixOS",
        "ref": "release-24.11",
        "repo": "nixpkgs",
        "type": "github"
      }
    },
    "root": {
      "inputs": {
        "nixpkgs": "nixpkgs",
        "theme": "theme"
      }
    },
    "theme": {
      "flake": false,
      "locked": {
        "lastModified": 1743234794,
        "narHash": "sha256-gO8spSG2HqK7kpm0R5lnFHFsZQfQYU3Y+wkvBRKwa1Q=",
        "rev": "a0019812ff62d978781392c765addbaee1c1eddf",
        "revCount": 516,
        "type": "git",
        "url": "file:themes/ananke"
      },
      "original": {
        "type": "git",
        "url": "file:themes/ananke"
      }
    }
  },
  "root": "root",
  "version": 7
}
